
Microsoft Visual Studio Solution File, Format Version 12.00
# Visual Studio Version 17
VisualStudioVersion = 17.11.35312.102
MinimumVisualStudioVersion = 10.0.40219.1
Project("{9A19103F-16F7-4668-BE54-9A1E7A4F7556}") = "Entities", "Entities\Entities.csproj", "{5E02C243-6B77-422D-A757-5EDBDCBC12B8}"
EndProject
Project("{FAE04EC0-301F-11D3-BF4B-00C04F79EFBC}") = "DAL", "DAL\DAL.csproj", "{F2C0EA74-68CB-4250-BA81-BE3B118E8A1F}"
EndProject
Project("{FAE04EC0-301F-11D3-BF4B-00C04F79EFBC}") = "BackEnd", "BackEnd\BackEnd.csproj", "{EEF229E4-E973-4C6E-9840-572F5269F89C}"
EndProject
Global
	GlobalSection(SolutionConfigurationPlatforms) = preSolution
		Debug|Any CPU = Debug|Any CPU
		Release|Any CPU = Release|Any CPU
	EndGlobalSection
	GlobalSection(ProjectConfigurationPlatforms) = postSolution
		{5E02C243-6B77-422D-A757-5EDBDCBC12B8}.Debug|Any CPU.ActiveCfg = Debug|Any CPU
		{5E02C243-6B77-422D-A757-5EDBDCBC12B8}.Debug|Any CPU.Build.0 = Debug|Any CPU
		{5E02C243-6B77-422D-A757-5EDBDCBC12B8}.Release|Any CPU.ActiveCfg = Release|Any CPU
		{5E02C243-6B77-422D-A757-5EDBDCBC12B8}.Release|Any CPU.Build.0 = Release|Any CPU
		{F2C0EA74-68CB-4250-BA81-BE3B118E8A1F}.Debug|Any CPU.ActiveCfg = Debug|Any CPU
		{F2C0EA74-68CB-4250-BA81-BE3B118E8A1F}.Debug|Any CPU.Build.0 = Debug|Any CPU
		{F2C0EA74-68CB-4250-BA81-BE3B118E8A1F}.Release|Any CPU.ActiveCfg = Release|Any CPU
		{F2C0EA74-68CB-4250-BA81-BE3B118E8A1F}.Release|Any CPU.Build.0 = Release|Any CPU
		{EEF229E4-E973-4C6E-9840-572F5269F89C}.Debug|Any CPU.ActiveCfg = Debug|Any CPU
		{EEF229E4-E973-4C6E-9840-572F5269F89C}.Debug|Any CPU.Build.0 = Debug|Any CPU
		{EEF229E4-E973-4C6E-9840-572F5269F89C}.Release|Any CPU.ActiveCfg = Release|Any CPU
		{EEF229E4-E973-4C6E-9840-572F5269F89C}.Release|Any CPU.Build.0 = Release|Any CPU
	EndGlobalSection
	GlobalSection(SolutionProperties) = preSolution
		HideSolutionNode = FALSE
	EndGlobalSection
	GlobalSection(ExtensibilityGlobals) = postSolution
		SolutionGuid = {76E91914-86D2-4AD9-B8E0-DF9926BF040A}
	EndGlobalSection
EndGlobal
